
Microsoft Visual Studio Solution File, Format Version 12.00
# Visual Studio Version 17
VisualStudioVersion = 17.14.36623.8 d17.14
MinimumVisualStudioVersion = 10.0.40219.1
Project("{FAE04EC0-301F-11D3-BF4B-00C04F79EFBC}") = "BINGO", "BINGO\BINGO.csproj", "{AD21C109-5A62-4B0E-BC99-83F48F027C34}"
EndProject
Global
	GlobalSection(SolutionConfigurationPlatforms) = preSolution
		Debug|Any CPU = Debug|Any CPU
		Release|Any CPU = Release|Any CPU
	EndGlobalSection
	GlobalSection(ProjectConfigurationPlatforms) = postSolution
		{AD21C109-5A62-4B0E-BC99-83F48F027C34}.Debug|Any CPU.ActiveCfg = Debug|Any CPU
		{AD21C109-5A62-4B0E-BC99-83F48F027C34}.Debug|Any CPU.Build.0 = Debug|Any CPU
		{AD21C109-5A62-4B0E-BC99-83F48F027C34}.Release|Any CPU.ActiveCfg = Release|Any CPU
		{AD21C109-5A62-4B0E-BC99-83F48F027C34}.Release|Any CPU.Build.0 = Release|Any CPU
	EndGlobalSection
	GlobalSection(SolutionProperties) = preSolution
		HideSolutionNode = FALSE
	EndGlobalSection
	GlobalSection(ExtensibilityGlobals) = postSolution
		SolutionGuid = {BBC79344-587B-4FEC-87B7-7005E26FE50C}
	EndGlobalSection
EndGlobal
